{
  "name": "e2e",
  "version": "1.0.0",
  "lockfileVersion": 1,
  "requires": true,
  "dependencies": {
    "typescript": {
      "version": "2.9.2",
      "resolved": "https://registry.npmjs.org/typescript/-/typescript-2.9.2.tgz",
      "integrity": "sha512-Gr4p6nFNaoufRIY4NMdpQRNmgxVIGMs4Fcu/ujdYk3nAZqk7supzBE9idmvfZIlH/Cuj//dvi+019qEue9lV0w=="
    },
    "typescript-styled-plugin": {
      "version": "file:..",
      "requires": {
        "typescript-template-language-service-decorator": "^1.2.0",
        "vscode-css-languageservice": "^3.0.9-next.19",
        "vscode-emmet-helper": "1.2.10",
        "vscode-languageserver-types": "^3.8.2"
      },
      "dependencies": {
        "@emmetio/extract-abbreviation": {
          "version": "0.1.6",
          "bundled": true
        },
        "@types/node": {
          "version": "7.0.66",
          "bundled": true
        },
        "ansi-regex": {
          "version": "2.1.1",
          "bundled": true
        },
        "ansi-styles": {
          "version": "2.2.1",
          "bundled": true
        },
        "argparse": {
          "version": "1.0.10",
          "bundled": true,
          "requires": {
            "sprintf-js": "~1.0.2"
          }
        },
        "assertion-error": {
          "version": "1.1.0",
          "bundled": true
        },
        "babel-code-frame": {
          "version": "6.26.0",
          "bundled": true,
          "requires": {
            "chalk": "^1.1.3",
            "esutils": "^2.0.2",
            "js-tokens": "^3.0.2"
          },
          "dependencies": {
            "chalk": {
              "version": "1.1.3",
              "bundled": true,
              "requires": {
                "ansi-styles": "^2.2.1",
                "escape-string-regexp": "^1.0.2",
                "has-ansi": "^2.0.0",
                "strip-ansi": "^3.0.0",
                "supports-color": "^2.0.0"
              }
            },
            "supports-color": {
              "version": "2.0.0",
              "bundled": true
            }
          }
        },
        "balanced-match": {
          "version": "1.0.0",
          "bundled": true
        },
        "brace-expansion": {
          "version": "1.1.11",
          "bundled": true,
          "requires": {
            "balanced-match": "^1.0.0",
            "concat-map": "0.0.1"
          }
        },
        "browser-stdout": {
          "version": "1.3.1",
          "bundled": true
        },
        "builtin-modules": {
          "version": "1.1.1",
          "bundled": true
        },
        "chai": {
          "version": "4.1.2",
          "bundled": true,
          "requires": {
            "assertion-error": "^1.0.1",
            "check-error": "^1.0.1",
            "deep-eql": "^3.0.0",
            "get-func-name": "^2.0.0",
            "pathval": "^1.0.0",
            "type-detect": "^4.0.0"
          }
        },
        "chalk": {
          "version": "2.4.1",
          "bundled": true,
          "requires": {
            "ansi-styles": "^3.2.1",
            "escape-string-regexp": "^1.0.5",
            "supports-color": "^5.3.0"
          },
          "dependencies": {
            "ansi-styles": {
              "version": "3.2.1",
              "bundled": true,
              "requires": {
                "color-convert": "^1.9.0"
              }
            }
          }
        },
        "check-error": {
          "version": "1.0.2",
          "bundled": true
        },
        "color-convert": {
          "version": "1.9.2",
          "bundled": true,
          "requires": {
            "color-name": "1.1.1"
          }
        },
        "color-name": {
          "version": "1.1.1",
          "bundled": true
        },
        "commander": {
          "version": "2.15.1",
          "bundled": true
        },
        "concat-map": {
          "version": "0.0.1",
          "bundled": true
        },
        "debug": {
          "version": "3.1.0",
          "bundled": true,
          "requires": {
            "ms": "2.0.0"
          }
        },
        "deep-eql": {
          "version": "3.0.1",
          "bundled": true,
          "requires": {
            "type-detect": "^4.0.0"
          }
        },
        "diff": {
          "version": "3.5.0",
          "bundled": true
        },
        "escape-string-regexp": {
          "version": "1.0.5",
          "bundled": true
        },
        "esprima": {
          "version": "4.0.0",
          "bundled": true
        },
        "esutils": {
          "version": "2.0.2",
          "bundled": true
        },
        "fs.realpath": {
          "version": "1.0.0",
          "bundled": true
        },
        "get-func-name": {
          "version": "2.0.0",
          "bundled": true
        },
        "glob": {
          "version": "7.1.2",
          "bundled": true,
          "requires": {
            "fs.realpath": "^1.0.0",
            "inflight": "^1.0.4",
            "inherits": "2",
            "minimatch": "^3.0.4",
            "once": "^1.3.0",
            "path-is-absolute": "^1.0.0"
          }
        },
        "growl": {
          "version": "1.10.5",
          "bundled": true
        },
        "has-ansi": {
          "version": "2.0.0",
          "bundled": true,
          "requires": {
            "ansi-regex": "^2.0.0"
          }
        },
        "has-flag": {
          "version": "3.0.0",
          "bundled": true
        },
        "he": {
          "version": "1.1.1",
          "bundled": true
        },
        "inflight": {
          "version": "1.0.6",
          "bundled": true,
          "requires": {
            "once": "^1.3.0",
            "wrappy": "1"
          }
        },
        "inherits": {
          "version": "2.0.3",
          "bundled": true
        },
        "js-tokens": {
          "version": "3.0.2",
          "bundled": true
        },
        "js-yaml": {
          "version": "3.12.0",
          "bundled": true,
          "requires": {
            "argparse": "^1.0.7",
            "esprima": "^4.0.0"
          }
        },
        "jsonc-parser": {
          "version": "1.0.3",
          "bundled": true
        },
        "minimatch": {
          "version": "3.0.4",
          "bundled": true,
          "requires": {
            "brace-expansion": "^1.1.7"
          }
        },
        "minimist": {
          "version": "0.0.8",
          "bundled": true
        },
        "mkdirp": {
          "version": "0.5.1",
          "bundled": true,
          "requires": {
            "minimist": "0.0.8"
          }
        },
        "mocha": {
          "version": "5.2.0",
          "bundled": true,
          "requires": {
            "browser-stdout": "1.3.1",
            "commander": "2.15.1",
            "debug": "3.1.0",
            "diff": "3.5.0",
            "escape-string-regexp": "1.0.5",
            "glob": "7.1.2",
            "growl": "1.10.5",
            "he": "1.1.1",
            "minimatch": "3.0.4",
            "mkdirp": "0.5.1",
            "supports-color": "5.4.0"
          }
        },
        "ms": {
          "version": "2.0.0",
          "bundled": true
        },
        "once": {
          "version": "1.4.0",
          "bundled": true,
          "requires": {
            "wrappy": "1"
          }
        },
        "path-is-absolute": {
          "version": "1.0.1",
          "bundled": true
        },
        "path-parse": {
          "version": "1.0.5",
          "bundled": true
        },
        "pathval": {
          "version": "1.1.0",
          "bundled": true
        },
        "resolve": {
          "version": "1.8.1",
          "bundled": true,
          "requires": {
            "path-parse": "^1.0.5"
          }
        },
        "semver": {
          "version": "5.5.0",
          "bundled": true
        },
        "sprintf-js": {
          "version": "1.0.3",
          "bundled": true
        },
        "strip-ansi": {
          "version": "3.0.1",
          "bundled": true,
          "requires": {
            "ansi-regex": "^2.0.0"
          }
        },
        "supports-color": {
          "version": "5.4.0",
          "bundled": true,
          "requires": {
            "has-flag": "^3.0.0"
          }
        },
        "tslib": {
          "version": "1.9.3",
          "bundled": true
        },
        "tslint": {
          "version": "5.10.0",
          "bundled": true,
          "requires": {
            "babel-code-frame": "^6.22.0",
            "builtin-modules": "^1.1.1",
            "chalk": "^2.3.0",
            "commander": "^2.12.1",
            "diff": "^3.2.0",
            "glob": "^7.1.1",
            "js-yaml": "^3.7.0",
            "minimatch": "^3.0.4",
            "resolve": "^1.3.2",
            "semver": "^5.3.0",
            "tslib": "^1.8.0",
            "tsutils": "^2.12.1"
          }
        },
        "tsutils": {
          "version": "2.27.1",
          "bundled": true,
          "requires": {
            "tslib": "^1.8.1"
          }
        },
        "type-detect": {
          "version": "4.0.8",
          "bundled": true
        },
        "typescript": {
          "version": "2.9.2",
          "bundled": true
        },
        "typescript-template-language-service-decorator": {
          "version": "1.2.0",
          "bundled": true
        },
        "vscode-css-languageservice": {
          "version": "3.0.9-next.19",
          "bundled": true,
          "requires": {
            "vscode-languageserver-types": "^3.7.2",
            "vscode-nls": "^3.2.2"
          }
        },
        "vscode-emmet-helper": {
          "version": "1.2.10",
          "bundled": true,
          "requires": {
            "@emmetio/extract-abbreviation": "0.1.6",
            "jsonc-parser": "^1.0.0",
            "vscode-languageserver-types": "^3.6.0-next.1"
          }
        },
        "vscode-languageserver-types": {
          "version": "3.8.2",
          "bundled": true
        },
        "vscode-nls": {
          "version": "3.2.2",
          "bundled": true
        },
        "wrappy": {
          "version": "1.0.2",
          "bundled": true
        }
      }
    }
  }
}
